// !$*UTF8*$!
{
	archiveVersion = 1;
	classes = {
	};
	objectVersion = 56;
	objects = {

/* Begin PBXBuildFile section */
		2C0B96782B43F588008037A9 /* BoardView.swift in Sources */ = {isa = PBXBuildFile; fileRef = 2C0B96772B43F588008037A9 /* BoardView.swift */; };
		2C0B967A2B43F59E008037A9 /* TextField__VMState.swift in Sources */ = {isa = PBXBuildFile; fileRef = 2C0B96792B43F59E008037A9 /* TextField__VMState.swift */; };
		2C0B96822B43F604008037A9 /* MacosAppDelegate.swift in Sources */ = {isa = PBXBuildFile; fileRef = 2C0B96812B43F604008037A9 /* MacosAppDelegate.swift */; };
		2C7938EC2B43E41800EB953E /* ContentView.swift in Sources */ = {isa = PBXBuildFile; fileRef = 2C7938EB2B43E41800EB953E /* ContentView.swift */; };
		2C7938EE2B43E41900EB953E /* Assets.xcassets in Resources */ = {isa = PBXBuildFile; fileRef = 2C7938ED2B43E41900EB953E /* Assets.xcassets */; };
		2C7938F12B43E41900EB953E /* Preview Assets.xcassets in Resources */ = {isa = PBXBuildFile; fileRef = 2C7938F02B43E41900EB953E /* Preview Assets.xcassets */; };
		2C7938F92B43E84000EB953E /* atm_apple.swift in Sources */ = {isa = PBXBuildFile; fileRef = 2C7938F82B43E84000EB953E /* atm_apple.swift */; };
		3182134EE181D90E4D035098 /* MainView.swift in Sources */ = {isa = PBXBuildFile; fileRef = 3182115117BD83DF7EE1C1B9 /* MainView.swift */; };
		318214D0A59DF51F79254AEB /* MacosApp.swift in Sources */ = {isa = PBXBuildFile; fileRef = 318214441623AF75C8F65BF2 /* MacosApp.swift */; };
		3182158896B530F78F513A3E /* ListView.swift in Sources */ = {isa = PBXBuildFile; fileRef = 318212463BE721B33E719941 /* ListView.swift */; };
		3182179F586A5A8B1E02CE12 /* ListFormView.swift in Sources */ = {isa = PBXBuildFile; fileRef = 3182170A4FAFB7A8D2769B69 /* ListFormView.swift */; };
		31821E6FBD2ACD0356A6589F /* CardFormView.swift in Sources */ = {isa = PBXBuildFile; fileRef = 3182157E577B8406D79D39E6 /* CardFormView.swift */; };
/* End PBXBuildFile section */

/* Begin PBXFileReference section */
		2C0B96772B43F588008037A9 /* BoardView.swift */ = {isa = PBXFileReference; lastKnownFileType = sourcecode.swift; path = BoardView.swift; sourceTree = "<group>"; };
		2C0B96792B43F59E008037A9 /* TextField__VMState.swift */ = {isa = PBXFileReference; lastKnownFileType = sourcecode.swift; path = TextField__VMState.swift; sourceTree = "<group>"; };
		2C0B96812B43F604008037A9 /* MacosAppDelegate.swift */ = {isa = PBXFileReference; lastKnownFileType = sourcecode.swift; path = MacosAppDelegate.swift; sourceTree = "<group>"; };
		2C7938E62B43E41800EB953E /* neverdo.app */ = {isa = PBXFileReference; explicitFileType = wrapper.application; includeInIndex = 0; path = neverdo.app; sourceTree = BUILT_PRODUCTS_DIR; };
		2C7938EB2B43E41800EB953E /* ContentView.swift */ = {isa = PBXFileReference; lastKnownFileType = sourcecode.swift; path = ContentView.swift; sourceTree = "<group>"; };
		2C7938ED2B43E41900EB953E /* Assets.xcassets */ = {isa = PBXFileReference; lastKnownFileType = folder.assetcatalog; path = Assets.xcassets; sourceTree = "<group>"; };
		2C7938F02B43E41900EB953E /* Preview Assets.xcassets */ = {isa = PBXFileReference; lastKnownFileType = folder.assetcatalog; path = "Preview Assets.xcassets"; sourceTree = "<group>"; };
		2C7938F22B43E41900EB953E /* neverdo.entitlements */ = {isa = PBXFileReference; lastKnownFileType = text.plist.entitlements; path = neverdo.entitlements; sourceTree = "<group>"; };
		2C7938F82B43E84000EB953E /* atm_apple.swift */ = {isa = PBXFileReference; lastKnownFileType = sourcecode.swift; path = atm_apple.swift; sourceTree = "<group>"; };
		3182115117BD83DF7EE1C1B9 /* MainView.swift */ = {isa = PBXFileReference; fileEncoding = 4; lastKnownFileType = sourcecode.swift; path = MainView.swift; sourceTree = "<group>"; };
		318212463BE721B33E719941 /* ListView.swift */ = {isa = PBXFileReference; fileEncoding = 4; lastKnownFileType = sourcecode.swift; path = ListView.swift; sourceTree = "<group>"; };
		318214441623AF75C8F65BF2 /* MacosApp.swift */ = {isa = PBXFileReference; fileEncoding = 4; lastKnownFileType = sourcecode.swift; path = MacosApp.swift; sourceTree = "<group>"; };
		3182157E577B8406D79D39E6 /* CardFormView.swift */ = {isa = PBXFileReference; fileEncoding = 4; lastKnownFileType = sourcecode.swift; path = CardFormView.swift; sourceTree = "<group>"; };
		3182170A4FAFB7A8D2769B69 /* ListFormView.swift */ = {isa = PBXFileReference; fileEncoding = 4; lastKnownFileType = sourcecode.swift; path = ListFormView.swift; sourceTree = "<group>"; };
/* End PBXFileReference section */

/* Begin PBXFrameworksBuildPhase section */
		2C7938E32B43E41800EB953E /* Frameworks */ = {
			isa = PBXFrameworksBuildPhase;
			buildActionMask = 2147483647;
			files = (
			);
			runOnlyForDeploymentPostprocessing = 0;
		};
/* End PBXFrameworksBuildPhase section */

/* Begin PBXGroup section */
		2C0B96742B43F558008037A9 /* ui */ = {
			isa = PBXGroup;
			children = (
				3182115117BD83DF7EE1C1B9 /* MainView.swift */,
				2C0B96772B43F588008037A9 /* BoardView.swift */,
				2C0B96792B43F59E008037A9 /* TextField__VMState.swift */,
				318212463BE721B33E719941 /* ListView.swift */,
				3182170A4FAFB7A8D2769B69 /* ListFormView.swift */,
				3182157E577B8406D79D39E6 /* CardFormView.swift */,
			);
			path = ui;
			sourceTree = "<group>";
		};
		2C7938DD2B43E41800EB953E = {
			isa = PBXGroup;
			children = (
				2C7938F82B43E84000EB953E /* atm_apple.swift */,
				2C7938E82B43E41800EB953E /* neverdo */,
				2C7938E72B43E41800EB953E /* Products */,
			);
			sourceTree = "<group>";
		};
		2C7938E72B43E41800EB953E /* Products */ = {
			isa = PBXGroup;
			children = (
				2C7938E62B43E41800EB953E /* neverdo.app */,
			);
			name = Products;
			sourceTree = "<group>";
		};
		2C7938E82B43E41800EB953E /* neverdo */ = {
			isa = PBXGroup;
			children = (
				2C0B96742B43F558008037A9 /* ui */,
				2C7938EF2B43E41900EB953E /* Preview Content */,
				2C0B96812B43F604008037A9 /* MacosAppDelegate.swift */,
				2C7938EB2B43E41800EB953E /* ContentView.swift */,
				2C7938ED2B43E41900EB953E /* Assets.xcassets */,
				2C7938F22B43E41900EB953E /* neverdo.entitlements */,
				318214441623AF75C8F65BF2 /* MacosApp.swift */,
			);
			path = neverdo;
			sourceTree = "<group>";
		};
		2C7938EF2B43E41900EB953E /* Preview Content */ = {
			isa = PBXGroup;
			children = (
				2C7938F02B43E41900EB953E /* Preview Assets.xcassets */,
			);
			path = "Preview Content";
			sourceTree = "<group>";
		};
/* End PBXGroup section */

/* Begin PBXNativeTarget section */
		2C7938E52B43E41800EB953E /* neverdo */ = {
			isa = PBXNativeTarget;
			buildConfigurationList = 2C7938F52B43E41900EB953E /* Build configuration list for PBXNativeTarget "neverdo" */;
			buildPhases = (
				2C7938FA2B43E91700EB953E /* ShellScript */,
				2C7938E22B43E41800EB953E /* Sources */,
				2C7938E32B43E41800EB953E /* Frameworks */,
				2C7938E42B43E41800EB953E /* Resources */,
			);
			buildRules = (
			);
			dependencies = (
			);
			name = neverdo;
			productName = neverdo;
			productReference = 2C7938E62B43E41800EB953E /* neverdo.app */;
			productType = "com.apple.product-type.application";
		};
/* End PBXNativeTarget section */

/* Begin PBXProject section */
		2C7938DE2B43E41800EB953E /* Project object */ = {
			isa = PBXProject;
			attributes = {
				BuildIndependentTargetsInParallel = 1;
				LastSwiftUpdateCheck = 1510;
				LastUpgradeCheck = 1510;
				TargetAttributes = {
					2C7938E52B43E41800EB953E = {
						CreatedOnToolsVersion = 15.1;
					};
				};
			};
			buildConfigurationList = 2C7938E12B43E41800EB953E /* Build configuration list for PBXProject "neverdo" */;
			compatibilityVersion = "Xcode 14.0";
			developmentRegion = en;
			hasScannedForEncodings = 0;
			knownRegions = (
				en,
				Base,
			);
			mainGroup = 2C7938DD2B43E41800EB953E;
			productRefGroup = 2C7938E72B43E41800EB953E /* Products */;
			projectDirPath = "";
			projectRoot = "";
			targets = (
				2C7938E52B43E41800EB953E /* neverdo */,
			);
		};
/* End PBXProject section */

/* Begin PBXResourcesBuildPhase section */
		2C7938E42B43E41800EB953E /* Resources */ = {
			isa = PBXResourcesBuildPhase;
			buildActionMask = 2147483647;
			files = (
				2C7938F12B43E41900EB953E /* Preview Assets.xcassets in Resources */,
				2C7938EE2B43E41900EB953E /* Assets.xcassets in Resources */,
			);
			runOnlyForDeploymentPostprocessing = 0;
		};
/* End PBXResourcesBuildPhase section */

/* Begin PBXShellScriptBuildPhase section */
		2C7938FA2B43E91700EB953E /* ShellScript */ = {
			isa = PBXShellScriptBuildPhase;
			buildActionMask = 2147483647;
			files = (
			);
			inputFileListPaths = (
			);
			inputPaths = (
			);
			outputFileListPaths = (
			);
			outputPaths = (
			);
			runOnlyForDeploymentPostprocessing = 0;
			shellPath = /bin/sh;
			shellScript = "cd \"$SRCROOT/..\"\n./gradlew :shared:embedAndSignAppleFrameworkForXcode\n";
		};
/* End PBXShellScriptBuildPhase section */

/* Begin PBXSourcesBuildPhase section */
		2C7938E22B43E41800EB953E /* Sources */ = {
			isa = PBXSourcesBuildPhase;
			buildActionMask = 2147483647;
			files = (
				2C0B967A2B43F59E008037A9 /* TextField__VMState.swift in Sources */,
				2C7938EC2B43E41800EB953E /* ContentView.swift in Sources */,
				2C7938F92B43E84000EB953E /* atm_apple.swift in Sources */,
				2C0B96782B43F588008037A9 /* BoardView.swift in Sources */,
				2C0B96822B43F604008037A9 /* MacosAppDelegate.swift in Sources */,
				3182134EE181D90E4D035098 /* MainView.swift in Sources */,
				3182158896B530F78F513A3E /* ListView.swift in Sources */,
				3182179F586A5A8B1E02CE12 /* ListFormView.swift in Sources */,
				31821E6FBD2ACD0356A6589F /* CardFormView.swift in Sources */,
				318214D0A59DF51F79254AEB /* MacosApp.swift in Sources */,
			);
			runOnlyForDeploymentPostprocessing = 0;
		};
/* End PBXSourcesBuildPhase section */

/* Begin XCBuildConfiguration section */
		2C7938F32B43E41900EB953E /* Debug */ = {
			isa = XCBuildConfiguration;
			buildSettings = {
				ALWAYS_SEARCH_USER_PATHS = NO;
				ASSETCATALOG_COMPILER_GENERATE_SWIFT_ASSET_SYMBOL_EXTENSIONS = YES;
				CLANG_ANALYZER_NONNULL = YES;
				CLANG_ANALYZER_NUMBER_OBJECT_CONVERSION = YES_AGGRESSIVE;
				CLANG_CXX_LANGUAGE_STANDARD = "gnu++20";
				CLANG_ENABLE_MODULES = YES;
				CLANG_ENABLE_OBJC_ARC = YES;
				CLANG_ENABLE_OBJC_WEAK = YES;
				CLANG_WARN_BLOCK_CAPTURE_AUTORELEASING = YES;
				CLANG_WARN_BOOL_CONVERSION = YES;
				CLANG_WARN_COMMA = YES;
				CLANG_WARN_CONSTANT_CONVERSION = YES;
				CLANG_WARN_DEPRECATED_OBJC_IMPLEMENTATIONS = YES;
				CLANG_WARN_DIRECT_OBJC_ISA_USAGE = YES_ERROR;
				CLANG_WARN_DOCUMENTATION_COMMENTS = YES;
				CLANG_WARN_EMPTY_BODY = YES;
				CLANG_WARN_ENUM_CONVERSION = YES;
				CLANG_WARN_INFINITE_RECURSION = YES;
				CLANG_WARN_INT_CONVERSION = YES;
				CLANG_WARN_NON_LITERAL_NULL_CONVERSION = YES;
				CLANG_WARN_OBJC_IMPLICIT_RETAIN_SELF = YES;
				CLANG_WARN_OBJC_LITERAL_CONVERSION = YES;
				CLANG_WARN_OBJC_ROOT_CLASS = YES_ERROR;
				CLANG_WARN_QUOTED_INCLUDE_IN_FRAMEWORK_HEADER = YES;
				CLANG_WARN_RANGE_LOOP_ANALYSIS = YES;
				CLANG_WARN_STRICT_PROTOTYPES = YES;
				CLANG_WARN_SUSPICIOUS_MOVE = YES;
				CLANG_WARN_UNGUARDED_AVAILABILITY = YES_AGGRESSIVE;
				CLANG_WARN_UNREACHABLE_CODE = YES;
				CLANG_WARN__DUPLICATE_METHOD_MATCH = YES;
				COPY_PHASE_STRIP = NO;
				DEBUG_INFORMATION_FORMAT = dwarf;
				ENABLE_STRICT_OBJC_MSGSEND = YES;
				ENABLE_TESTABILITY = YES;
				ENABLE_USER_SCRIPT_SANDBOXING = YES;
				GCC_C_LANGUAGE_STANDARD = gnu17;
				GCC_DYNAMIC_NO_PIC = NO;
				GCC_NO_COMMON_BLOCKS = YES;
				GCC_OPTIMIZATION_LEVEL = 0;
				GCC_PREPROCESSOR_DEFINITIONS = (
					"DEBUG=1",
					"$(inherited)",
				);
				GCC_WARN_64_TO_32_BIT_CONVERSION = YES;
				GCC_WARN_ABOUT_RETURN_TYPE = YES_ERROR;
				GCC_WARN_UNDECLARED_SELECTOR = YES;
				GCC_WARN_UNINITIALIZED_AUTOS = YES_AGGRESSIVE;
				GCC_WARN_UNUSED_FUNCTION = YES;
				GCC_WARN_UNUSED_VARIABLE = YES;
				LOCALIZATION_PREFERS_STRING_CATALOGS = YES;
				MACOSX_DEPLOYMENT_TARGET = 13.5;
				MTL_ENABLE_DEBUG_INFO = INCLUDE_SOURCE;
				MTL_FAST_MATH = YES;
				ONLY_ACTIVE_ARCH = YES;
				SDKROOT = macosx;
				SWIFT_ACTIVE_COMPILATION_CONDITIONS = "DEBUG $(inherited)";
				SWIFT_OPTIMIZATION_LEVEL = "-Onone";
			};
			name = Debug;
		};
		2C7938F42B43E41900EB953E /* Release */ = {
			isa = XCBuildConfiguration;
			buildSettings = {
				ALWAYS_SEARCH_USER_PATHS = NO;
				ASSETCATALOG_COMPILER_GENERATE_SWIFT_ASSET_SYMBOL_EXTENSIONS = YES;
				CLANG_ANALYZER_NONNULL = YES;
				CLANG_ANALYZER_NUMBER_OBJECT_CONVERSION = YES_AGGRESSIVE;
				CLANG_CXX_LANGUAGE_STANDARD = "gnu++20";
				CLANG_ENABLE_MODULES = YES;
				CLANG_ENABLE_OBJC_ARC = YES;
				CLANG_ENABLE_OBJC_WEAK = YES;
				CLANG_WARN_BLOCK_CAPTURE_AUTORELEASING = YES;
				CLANG_WARN_BOOL_CONVERSION = YES;
				CLANG_WARN_COMMA = YES;
				CLANG_WARN_CONSTANT_CONVERSION = YES;
				CLANG_WARN_DEPRECATED_OBJC_IMPLEMENTATIONS = YES;
				CLANG_WARN_DIRECT_OBJC_ISA_USAGE = YES_ERROR;
				CLANG_WARN_DOCUMENTATION_COMMENTS = YES;
				CLANG_WARN_EMPTY_BODY = YES;
				CLANG_WARN_ENUM_CONVERSION = YES;
				CLANG_WARN_INFINITE_RECURSION = YES;
				CLANG_WARN_INT_CONVERSION = YES;
				CLANG_WARN_NON_LITERAL_NULL_CONVERSION = YES;
				CLANG_WARN_OBJC_IMPLICIT_RETAIN_SELF = YES;
				CLANG_WARN_OBJC_LITERAL_CONVERSION = YES;
				CLANG_WARN_OBJC_ROOT_CLASS = YES_ERROR;
				CLANG_WARN_QUOTED_INCLUDE_IN_FRAMEWORK_HEADER = YES;
				CLANG_WARN_RANGE_LOOP_ANALYSIS = YES;
				CLANG_WARN_STRICT_PROTOTYPES = YES;
				CLANG_WARN_SUSPICIOUS_MOVE = YES;
				CLANG_WARN_UNGUARDED_AVAILABILITY = YES_AGGRESSIVE;
				CLANG_WARN_UNREACHABLE_CODE = YES;
				CLANG_WARN__DUPLICATE_METHOD_MATCH = YES;
				COPY_PHASE_STRIP = NO;
				DEBUG_INFORMATION_FORMAT = "dwarf-with-dsym";
				ENABLE_NS_ASSERTIONS = NO;
				ENABLE_STRICT_OBJC_MSGSEND = YES;
				ENABLE_USER_SCRIPT_SANDBOXING = YES;
				GCC_C_LANGUAGE_STANDARD = gnu17;
				GCC_NO_COMMON_BLOCKS = YES;
				GCC_WARN_64_TO_32_BIT_CONVERSION = YES;
				GCC_WARN_ABOUT_RETURN_TYPE = YES_ERROR;
				GCC_WARN_UNDECLARED_SELECTOR = YES;
				GCC_WARN_UNINITIALIZED_AUTOS = YES_AGGRESSIVE;
				GCC_WARN_UNUSED_FUNCTION = YES;
				GCC_WARN_UNUSED_VARIABLE = YES;
				LOCALIZATION_PREFERS_STRING_CATALOGS = YES;
				MACOSX_DEPLOYMENT_TARGET = 13.5;
				MTL_ENABLE_DEBUG_INFO = NO;
				MTL_FAST_MATH = YES;
				SDKROOT = macosx;
				SWIFT_COMPILATION_MODE = wholemodule;
			};
			name = Release;
		};
		2C7938F62B43E41900EB953E /* Debug */ = {
			isa = XCBuildConfiguration;
			buildSettings = {
				ASSETCATALOG_COMPILER_APPICON_NAME = AppIcon;
				ASSETCATALOG_COMPILER_GLOBAL_ACCENT_COLOR_NAME = AccentColor;
				CODE_SIGN_ENTITLEMENTS = neverdo/neverdo.entitlements;
				CODE_SIGN_STYLE = Automatic;
				COMBINE_HIDPI_IMAGES = YES;
				CURRENT_PROJECT_VERSION = 1;
				DEVELOPMENT_ASSET_PATHS = "\"neverdo/Preview Content\"";
				DEVELOPMENT_TEAM = R3A4Z5YL2T;
				ENABLE_HARDENED_RUNTIME = YES;
				ENABLE_PREVIEWS = YES;
				ENABLE_USER_SCRIPT_SANDBOXING = NO;
				FRAMEWORK_SEARCH_PATHS = "$(SRCROOT)/../shared/build/xcode-frameworks/$(CONFIGURATION)/$(SDK_NAME)";
				GENERATE_INFOPLIST_FILE = YES;
				INFOPLIST_KEY_CFBundleDisplayName = NeverDo;
				INFOPLIST_KEY_NSHumanReadableCopyright = "";
				LD_RUNPATH_SEARCH_PATHS = (
					"$(inherited)",
					"@executable_path/../Frameworks",
				);
				MARKETING_VERSION = 1.0;
				OTHER_LDFLAGS = (
					"$(inherited)",
					"-framework",
					shared,
				);
				PRODUCT_BUNDLE_IDENTIFIER = io.neverdo.app;
				PRODUCT_NAME = "$(TARGET_NAME)";
				SWIFT_EMIT_LOC_STRINGS = YES;
				SWIFT_VERSION = 5.0;
			};
			name = Debug;
		};
		2C7938F72B43E41900EB953E /* Release */ = {
			isa = XCBuildConfiguration;
			buildSettings = {
				ASSETCATALOG_COMPILER_APPICON_NAME = AppIcon;
				ASSETCATALOG_COMPILER_GLOBAL_ACCENT_COLOR_NAME = AccentColor;
				CODE_SIGN_ENTITLEMENTS = neverdo/neverdo.entitlements;
				CODE_SIGN_STYLE = Automatic;
				COMBINE_HIDPI_IMAGES = YES;
				CURRENT_PROJECT_VERSION = 1;
				DEVELOPMENT_ASSET_PATHS = "\"neverdo/Preview Content\"";
				DEVELOPMENT_TEAM = R3A4Z5YL2T;
				ENABLE_HARDENED_RUNTIME = YES;
				ENABLE_PREVIEWS = YES;
				ENABLE_USER_SCRIPT_SANDBOXING = NO;
				FRAMEWORK_SEARCH_PATHS = "$(SRCROOT)/../shared/build/xcode-frameworks/$(CONFIGURATION)/$(SDK_NAME)";
				GENERATE_INFOPLIST_FILE = YES;
				INFOPLIST_KEY_CFBundleDisplayName = NeverDo;
				INFOPLIST_KEY_NSHumanReadableCopyright = "";
				LD_RUNPATH_SEARCH_PATHS = (
					"$(inherited)",
					"@executable_path/../Frameworks",
				);
				MARKETING_VERSION = 1.0;
				OTHER_LDFLAGS = (
					"$(inherited)",
					"-framework",
					shared,
				);
				PRODUCT_BUNDLE_IDENTIFIER = io.neverdo.app;
				PRODUCT_NAME = "$(TARGET_NAME)";
				SWIFT_EMIT_LOC_STRINGS = YES;
				SWIFT_VERSION = 5.0;
			};
			name = Release;
		};
/* End XCBuildConfiguration section */

/* Begin XCConfigurationList section */
		2C7938E12B43E41800EB953E /* Build configuration list for PBXProject "neverdo" */ = {
			isa = XCConfigurationList;
			buildConfigurations = (
				2C7938F32B43E41900EB953E /* Debug */,
				2C7938F42B43E41900EB953E /* Release */,
			);
			defaultConfigurationIsVisible = 0;
			defaultConfigurationName = Release;
		};
		2C7938F52B43E41900EB953E /* Build configuration list for PBXNativeTarget "neverdo" */ = {
			isa = XCConfigurationList;
			buildConfigurations = (
				2C7938F62B43E41900EB953E /* Debug */,
				2C7938F72B43E41900EB953E /* Release */,
			);
			defaultConfigurationIsVisible = 0;
			defaultConfigurationName = Release;
		};
/* End XCConfigurationList section */
	};
	rootObject = 2C7938DE2B43E41800EB953E /* Project object */;
}
